// !$*UTF8*$!
{
	archiveVersion = 1;
	classes = {
	};
	objectVersion = 46;
	objects = {

/* Begin PBXBuildFile section */
		9F1800181554DDCB00948C1C /* UIKit.framework in Frameworks */ = {isa = PBXBuildFile; fileRef = 9F1800171554DDCB00948C1C /* UIKit.framework */; };
		9F18001A1554DDCB00948C1C /* Foundation.framework in Frameworks */ = {isa = PBXBuildFile; fileRef = 9F1800191554DDCB00948C1C /* Foundation.framework */; };
		9F18001C1554DDCB00948C1C /* CoreGraphics.framework in Frameworks */ = {isa = PBXBuildFile; fileRef = 9F18001B1554DDCB00948C1C /* CoreGraphics.framework */; };
		9F1800221554DDCB00948C1C /* InfoPlist.strings in Resources */ = {isa = PBXBuildFile; fileRef = 9F1800201554DDCB00948C1C /* InfoPlist.strings */; };
		9F1800241554DDCB00948C1C /* main.m in Sources */ = {isa = PBXBuildFile; fileRef = 9F1800231554DDCB00948C1C /* main.m */; };
		9F1800281554DDCB00948C1C /* AppDelegate.m in Sources */ = {isa = PBXBuildFile; fileRef = 9F1800271554DDCB00948C1C /* AppDelegate.m */; };
		9F18002B1554DDCB00948C1C /* MainStoryboard.storyboard in Resources */ = {isa = PBXBuildFile; fileRef = 9F1800291554DDCB00948C1C /* MainStoryboard.storyboard */; };
		9F18002E1554DDCB00948C1C /* ViewController.m in Sources */ = {isa = PBXBuildFile; fileRef = 9F18002D1554DDCB00948C1C /* ViewController.m */; };
		9FE59584155D1CFE00917981 /* libGHMarkdownParser.a in Frameworks */ = {isa = PBXBuildFile; fileRef = 9FE59580155D1B8600917981 /* libGHMarkdownParser.a */; };
		9FE59589155D20D700917981 /* style.css in Resources */ = {isa = PBXBuildFile; fileRef = 9FE59588155D20D700917981 /* style.css */; };
/* End PBXBuildFile section */

/* Begin PBXContainerItemProxy section */
		9FE5957F155D1B8600917981 /* PBXContainerItemProxy */ = {
			isa = PBXContainerItemProxy;
			containerPortal = 9FE59578155D1B8600917981 /* GHMarkdownParser.xcodeproj */;
			proxyType = 2;
			remoteGlobalIDString = A7C525F213E6FE1A0003EEE5;
			remoteInfo = GHMarkdownParser;
		};
		9FE59582155D1CF600917981 /* PBXContainerItemProxy */ = {
			isa = PBXContainerItemProxy;
			containerPortal = 9FE59578155D1B8600917981 /* GHMarkdownParser.xcodeproj */;
			proxyType = 1;
			remoteGlobalIDString = A7C525F113E6FE1A0003EEE5;
			remoteInfo = GHMarkdownParser;
		};
/* End PBXContainerItemProxy section */

/* Begin PBXFileReference section */
		9F1800131554DDCB00948C1C /* markdown.app */ = {isa = PBXFileReference; explicitFileType = wrapper.application; includeInIndex = 0; path = markdown.app; sourceTree = BUILT_PRODUCTS_DIR; };
		9F1800171554DDCB00948C1C /* UIKit.framework */ = {isa = PBXFileReference; lastKnownFileType = wrapper.framework; name = UIKit.framework; path = System/Library/Frameworks/UIKit.framework; sourceTree = SDKROOT; };
		9F1800191554DDCB00948C1C /* Foundation.framework */ = {isa = PBXFileReference; lastKnownFileType = wrapper.framework; name = Foundation.framework; path = System/Library/Frameworks/Foundation.framework; sourceTree = SDKROOT; };
		9F18001B1554DDCB00948C1C /* CoreGraphics.framework */ = {isa = PBXFileReference; lastKnownFileType = wrapper.framework; name = CoreGraphics.framework; path = System/Library/Frameworks/CoreGraphics.framework; sourceTree = SDKROOT; };
		9F18001F1554DDCB00948C1C /* markdown-Info.plist */ = {isa = PBXFileReference; lastKnownFileType = text.plist.xml; path = "markdown-Info.plist"; sourceTree = "<group>"; };
		9F1800211554DDCB00948C1C /* en */ = {isa = PBXFileReference; lastKnownFileType = text.plist.strings; name = en; path = en.lproj/InfoPlist.strings; sourceTree = "<group>"; };
		9F1800231554DDCB00948C1C /* main.m */ = {isa = PBXFileReference; lastKnownFileType = sourcecode.c.objc; path = main.m; sourceTree = "<group>"; };
		9F1800251554DDCB00948C1C /* markdown-Prefix.pch */ = {isa = PBXFileReference; lastKnownFileType = sourcecode.c.h; path = "markdown-Prefix.pch"; sourceTree = "<group>"; };
		9F1800261554DDCB00948C1C /* AppDelegate.h */ = {isa = PBXFileReference; lastKnownFileType = sourcecode.c.h; path = AppDelegate.h; sourceTree = "<group>"; };
		9F1800271554DDCB00948C1C /* AppDelegate.m */ = {isa = PBXFileReference; lastKnownFileType = sourcecode.c.objc; path = AppDelegate.m; sourceTree = "<group>"; };
		9F18002A1554DDCB00948C1C /* en */ = {isa = PBXFileReference; lastKnownFileType = file.storyboard; name = en; path = en.lproj/MainStoryboard.storyboard; sourceTree = "<group>"; };
		9F18002C1554DDCB00948C1C /* ViewController.h */ = {isa = PBXFileReference; lastKnownFileType = sourcecode.c.h; path = ViewController.h; sourceTree = "<group>"; };
		9F18002D1554DDCB00948C1C /* ViewController.m */ = {isa = PBXFileReference; lastKnownFileType = sourcecode.c.objc; path = ViewController.m; sourceTree = "<group>"; };
		9FE59578155D1B8600917981 /* GHMarkdownParser.xcodeproj */ = {isa = PBXFileReference; lastKnownFileType = "wrapper.pb-project"; name = GHMarkdownParser.xcodeproj; path = GHMarkdownParser/GHMarkdownParser/GHMarkdownParser.xcodeproj; sourceTree = "<group>"; };
		9FE59588155D20D700917981 /* style.css */ = {isa = PBXFileReference; fileEncoding = 4; lastKnownFileType = text.css; path = style.css; sourceTree = "<group>"; };
/* End PBXFileReference section */

/* Begin PBXFrameworksBuildPhase section */
		9F1800101554DDCB00948C1C /* Frameworks */ = {
			isa = PBXFrameworksBuildPhase;
			buildActionMask = 2147483647;
			files = (
				9FE59584155D1CFE00917981 /* libGHMarkdownParser.a in Frameworks */,
				9F1800181554DDCB00948C1C /* UIKit.framework in Frameworks */,
				9F18001A1554DDCB00948C1C /* Foundation.framework in Frameworks */,
				9F18001C1554DDCB00948C1C /* CoreGraphics.framework in Frameworks */,
			);
			runOnlyForDeploymentPostprocessing = 0;
		};
/* End PBXFrameworksBuildPhase section */

/* Begin PBXGroup section */
		9F1800081554DDCB00948C1C = {
			isa = PBXGroup;
			children = (
				9FE59578155D1B8600917981 /* GHMarkdownParser.xcodeproj */,
				9F18001D1554DDCB00948C1C /* markdown */,
				9F1800161554DDCB00948C1C /* Frameworks */,
				9F1800141554DDCB00948C1C /* Products */,
			);
			sourceTree = "<group>";
		};
		9F1800141554DDCB00948C1C /* Products */ = {
			isa = PBXGroup;
			children = (
				9F1800131554DDCB00948C1C /* markdown.app */,
			);
			name = Products;
			sourceTree = "<group>";
		};
		9F1800161554DDCB00948C1C /* Frameworks */ = {
			isa = PBXGroup;
			children = (
				9F1800171554DDCB00948C1C /* UIKit.framework */,
				9F1800191554DDCB00948C1C /* Foundation.framework */,
				9F18001B1554DDCB00948C1C /* CoreGraphics.framework */,
			);
			name = Frameworks;
			sourceTree = "<group>";
		};
		9F18001D1554DDCB00948C1C /* markdown */ = {
			isa = PBXGroup;
			children = (
				9FE59588155D20D700917981 /* style.css */,
				9F1800261554DDCB00948C1C /* AppDelegate.h */,
				9F1800271554DDCB00948C1C /* AppDelegate.m */,
				9F1800291554DDCB00948C1C /* MainStoryboard.storyboard */,
				9F18002C1554DDCB00948C1C /* ViewController.h */,
				9F18002D1554DDCB00948C1C /* ViewController.m */,
				9F18001E1554DDCB00948C1C /* Supporting Files */,
			);
			path = markdown;
			sourceTree = "<group>";
		};
		9F18001E1554DDCB00948C1C /* Supporting Files */ = {
			isa = PBXGroup;
			children = (
				9F18001F1554DDCB00948C1C /* markdown-Info.plist */,
				9F1800201554DDCB00948C1C /* InfoPlist.strings */,
				9F1800231554DDCB00948C1C /* main.m */,
				9F1800251554DDCB00948C1C /* markdown-Prefix.pch */,
			);
			name = "Supporting Files";
			sourceTree = "<group>";
		};
		9FE59579155D1B8600917981 /* Products */ = {
			isa = PBXGroup;
			children = (
				9FE59580155D1B8600917981 /* libGHMarkdownParser.a */,
			);
			name = Products;
			sourceTree = "<group>";
		};
/* End PBXGroup section */

/* Begin PBXNativeTarget section */
		9F1800121554DDCB00948C1C /* markdown */ = {
			isa = PBXNativeTarget;
			buildConfigurationList = 9F1800311554DDCB00948C1C /* Build configuration list for PBXNativeTarget "markdown" */;
			buildPhases = (
				9F18000F1554DDCB00948C1C /* Sources */,
				9F1800101554DDCB00948C1C /* Frameworks */,
				9F1800111554DDCB00948C1C /* Resources */,
			);
			buildRules = (
			);
			dependencies = (
				9FE59583155D1CF600917981 /* PBXTargetDependency */,
			);
			name = markdown;
			productName = markdown;
			productReference = 9F1800131554DDCB00948C1C /* markdown.app */;
			productType = "com.apple.product-type.application";
		};
/* End PBXNativeTarget section */

/* Begin PBXProject section */
		9F18000A1554DDCB00948C1C /* Project object */ = {
			isa = PBXProject;
			attributes = {
				LastUpgradeCheck = 0430;
			};
			buildConfigurationList = 9F18000D1554DDCB00948C1C /* Build configuration list for PBXProject "markdown" */;
			compatibilityVersion = "Xcode 3.2";
			developmentRegion = English;
			hasScannedForEncodings = 0;
			knownRegions = (
				en,
			);
			mainGroup = 9F1800081554DDCB00948C1C;
			productRefGroup = 9F1800141554DDCB00948C1C /* Products */;
			projectDirPath = "";
			projectReferences = (
				{
					ProductGroup = 9FE59579155D1B8600917981 /* Products */;
					ProjectRef = 9FE59578155D1B8600917981 /* GHMarkdownParser.xcodeproj */;
				},
			);
			projectRoot = "";
			targets = (
				9F1800121554DDCB00948C1C /* markdown */,
			);
		};
/* End PBXProject section */

/* Begin PBXReferenceProxy section */
		9FE59580155D1B8600917981 /* libGHMarkdownParser.a */ = {
			isa = PBXReferenceProxy;
			fileType = archive.ar;
			path = libGHMarkdownParser.a;
			remoteRef = 9FE5957F155D1B8600917981 /* PBXContainerItemProxy */;
			sourceTree = BUILT_PRODUCTS_DIR;
		};
/* End PBXReferenceProxy section */

/* Begin PBXResourcesBuildPhase section */
		9F1800111554DDCB00948C1C /* Resources */ = {
			isa = PBXResourcesBuildPhase;
			buildActionMask = 2147483647;
			files = (
				9F1800221554DDCB00948C1C /* InfoPlist.strings in Resources */,
				9F18002B1554DDCB00948C1C /* MainStoryboard.storyboard in Resources */,
				9FE59589155D20D700917981 /* style.css in Resources */,
			);
			runOnlyForDeploymentPostprocessing = 0;
		};
/* End PBXResourcesBuildPhase section */

/* Begin PBXSourcesBuildPhase section */
		9F18000F1554DDCB00948C1C /* Sources */ = {
			isa = PBXSourcesBuildPhase;
			buildActionMask = 2147483647;
			files = (
				9F1800241554DDCB00948C1C /* main.m in Sources */,
				9F1800281554DDCB00948C1C /* AppDelegate.m in Sources */,
				9F18002E1554DDCB00948C1C /* ViewController.m in Sources */,
			);
			runOnlyForDeploymentPostprocessing = 0;
		};
/* End PBXSourcesBuildPhase section */

/* Begin PBXTargetDependency section */
		9FE59583155D1CF600917981 /* PBXTargetDependency */ = {
			isa = PBXTargetDependency;
			name = GHMarkdownParser;
			targetProxy = 9FE59582155D1CF600917981 /* PBXContainerItemProxy */;
		};
/* End PBXTargetDependency section */

/* Begin PBXVariantGroup section */
		9F1800201554DDCB00948C1C /* InfoPlist.strings */ = {
			isa = PBXVariantGroup;
			children = (
				9F1800211554DDCB00948C1C /* en */,
			);
			name = InfoPlist.strings;
			sourceTree = "<group>";
		};
		9F1800291554DDCB00948C1C /* MainStoryboard.storyboard */ = {
			isa = PBXVariantGroup;
			children = (
				9F18002A1554DDCB00948C1C /* en */,
			);
			name = MainStoryboard.storyboard;
			sourceTree = "<group>";
		};
/* End PBXVariantGroup section */

/* Begin XCBuildConfiguration section */
		9F18002F1554DDCB00948C1C /* Debug */ = {
			isa = XCBuildConfiguration;
			buildSettings = {
				ALWAYS_SEARCH_USER_PATHS = NO;
				ARCHS = "$(ARCHS_STANDARD_32_BIT)";
				CLANG_ENABLE_OBJC_ARC = YES;
				"CODE_SIGN_IDENTITY[sdk=iphoneos*]" = "iPhone Developer";
				COPY_PHASE_STRIP = NO;
				GCC_C_LANGUAGE_STANDARD = gnu99;
				GCC_DYNAMIC_NO_PIC = NO;
				GCC_OPTIMIZATION_LEVEL = 0;
				GCC_PREPROCESSOR_DEFINITIONS = (
					"DEBUG=1",
					"$(inherited)",
				);
				GCC_SYMBOLS_PRIVATE_EXTERN = NO;
				GCC_VERSION = com.apple.compilers.llvm.clang.1_0;
				GCC_WARN_ABOUT_RETURN_TYPE = YES;
				GCC_WARN_UNINITIALIZED_AUTOS = YES;
				GCC_WARN_UNUSED_VARIABLE = YES;
				IPHONEOS_DEPLOYMENT_TARGET = 5.1;
				SDKROOT = iphoneos;
				TARGETED_DEVICE_FAMILY = 2;
			};
			name = Debug;
		};
		9F1800301554DDCB00948C1C /* Release */ = {
			isa = XCBuildConfiguration;
			buildSettings = {
				ALWAYS_SEARCH_USER_PATHS = NO;
				ARCHS = "$(ARCHS_STANDARD_32_BIT)";
				CLANG_ENABLE_OBJC_ARC = YES;
				"CODE_SIGN_IDENTITY[sdk=iphoneos*]" = "iPhone Developer";
				COPY_PHASE_STRIP = YES;
				GCC_C_LANGUAGE_STANDARD = gnu99;
				GCC_VERSION = com.apple.compilers.llvm.clang.1_0;
				GCC_WARN_ABOUT_RETURN_TYPE = YES;
				GCC_WARN_UNINITIALIZED_AUTOS = YES;
				GCC_WARN_UNUSED_VARIABLE = YES;
				IPHONEOS_DEPLOYMENT_TARGET = 5.1;
				OTHER_CFLAGS = "-DNS_BLOCK_ASSERTIONS=1";
				SDKROOT = iphoneos;
				TARGETED_DEVICE_FAMILY = 2;
				VALIDATE_PRODUCT = YES;
			};
			name = Release;
		};
		9F1800321554DDCB00948C1C /* Debug */ = {
			isa = XCBuildConfiguration;
			buildSettings = {
				GCC_PRECOMPILE_PREFIX_HEADER = YES;
				GCC_PREFIX_HEADER = "markdown/markdown-Prefix.pch";
				HEADER_SEARCH_PATHS = "GHMarkdownParser/**";
				INFOPLIST_FILE = "markdown/markdown-Info.plist";
				LIBRARY_SEARCH_PATHS = "GHMarkdownParser/**";
				OTHER_LDFLAGS = (
					"-Objc",
					"-all_load",
				);
				PRODUCT_NAME = "$(TARGET_NAME)";
				WRAPPER_EXTENSION = app;
			};
			name = Debug;
		};
		9F1800331554DDCB00948C1C /* Release */ = {
			isa = XCBuildConfiguration;
			buildSettings = {
				GCC_PRECOMPILE_PREFIX_HEADER = YES;
				GCC_PREFIX_HEADER = "markdown/markdown-Prefix.pch";
				HEADER_SEARCH_PATHS = "GHMarkdownParser/**";
				INFOPLIST_FILE = "markdown/markdown-Info.plist";
				LIBRARY_SEARCH_PATHS = "GHMarkdownParser/**";
				OTHER_LDFLAGS = (
					"-Objc",
					"-all_load",
				);
				PRODUCT_NAME = "$(TARGET_NAME)";
				WRAPPER_EXTENSION = app;
			};
			name = Release;
		};
/* End XCBuildConfiguration section */

/* Begin XCConfigurationList section */
		9F18000D1554DDCB00948C1C /* Build configuration list for PBXProject "markdown" */ = {
			isa = XCConfigurationList;
			buildConfigurations = (
				9F18002F1554DDCB00948C1C /* Debug */,
				9F1800301554DDCB00948C1C /* Release */,
			);
			defaultConfigurationIsVisible = 0;
			defaultConfigurationName = Release;
		};
		9F1800311554DDCB00948C1C /* Build configuration list for PBXNativeTarget "markdown" */ = {
			isa = XCConfigurationList;
			buildConfigurations = (
				9F1800321554DDCB00948C1C /* Debug */,
				9F1800331554DDCB00948C1C /* Release */,
			);
			defaultConfigurationIsVisible = 0;
			defaultConfigurationName = Release;
		};
/* End XCConfigurationList section */
	};
	rootObject = 9F18000A1554DDCB00948C1C /* Project object */;
}
